
Microsoft Visual Studio Solution File, Format Version 12.00
# Visual Studio Version 17
VisualStudioVersion = 17.9.34728.123
MinimumVisualStudioVersion = 10.0.40219.1
Project("{9A19103F-16F7-4668-BE54-9A1E7A4F7556}") = "Frontend", "Frontend\Frontend\Frontend.csproj", "{C37E3541-2B71-493E-9CCC-19F9BFEE43E8}"
EndProject
Project("{9A19103F-16F7-4668-BE54-9A1E7A4F7556}") = "Frontend.Client", "Frontend\Frontend.Client\Frontend.Client.csproj", "{7A86A9D2-3262-4C5E-8A76-A7EEF52D8FA0}"
EndProject
Global
	GlobalSection(SolutionConfigurationPlatforms) = preSolution
		Debug|Any CPU = Debug|Any CPU
		Release|Any CPU = Release|Any CPU
	EndGlobalSection
	GlobalSection(ProjectConfigurationPlatforms) = postSolution
		{C37E3541-2B71-493E-9CCC-19F9BFEE43E8}.Debug|Any CPU.ActiveCfg = Debug|Any CPU
		{C37E3541-2B71-493E-9CCC-19F9BFEE43E8}.Debug|Any CPU.Build.0 = Debug|Any CPU
		{C37E3541-2B71-493E-9CCC-19F9BFEE43E8}.Release|Any CPU.ActiveCfg = Release|Any CPU
		{C37E3541-2B71-493E-9CCC-19F9BFEE43E8}.Release|Any CPU.Build.0 = Release|Any CPU
		{7A86A9D2-3262-4C5E-8A76-A7EEF52D8FA0}.Debug|Any CPU.ActiveCfg = Debug|Any CPU
		{7A86A9D2-3262-4C5E-8A76-A7EEF52D8FA0}.Debug|Any CPU.Build.0 = Debug|Any CPU
		{7A86A9D2-3262-4C5E-8A76-A7EEF52D8FA0}.Release|Any CPU.ActiveCfg = Release|Any CPU
		{7A86A9D2-3262-4C5E-8A76-A7EEF52D8FA0}.Release|Any CPU.Build.0 = Release|Any CPU
	EndGlobalSection
	GlobalSection(SolutionProperties) = preSolution
		HideSolutionNode = FALSE
	EndGlobalSection
	GlobalSection(ExtensibilityGlobals) = postSolution
		SolutionGuid = {D05DD91A-334E-4916-83F3-87E0A4A22FC4}
	EndGlobalSection
EndGlobal
